
Microsoft Visual Studio Solution File, Format Version 12.00
# Visual Studio Version 17
VisualStudioVersion = 17.8.34322.80
MinimumVisualStudioVersion = 10.0.40219.1
Project("{FAE04EC0-301F-11D3-BF4B-00C04F79EFBC}") = "Assignment2", "Assignment2\Assignment2.csproj", "{73597700-EB4F-45E1-AB2D-8BB2B6DB5A0E}"
EndProject
Global
	GlobalSection(SolutionConfigurationPlatforms) = preSolution
		Debug|Any CPU = Debug|Any CPU
		Release|Any CPU = Release|Any CPU
	EndGlobalSection
	GlobalSection(ProjectConfigurationPlatforms) = postSolution
		{73597700-EB4F-45E1-AB2D-8BB2B6DB5A0E}.Debug|Any CPU.ActiveCfg = Debug|Any CPU
		{73597700-EB4F-45E1-AB2D-8BB2B6DB5A0E}.Debug|Any CPU.Build.0 = Debug|Any CPU
		{73597700-EB4F-45E1-AB2D-8BB2B6DB5A0E}.Release|Any CPU.ActiveCfg = Release|Any CPU
		{73597700-EB4F-45E1-AB2D-8BB2B6DB5A0E}.Release|Any CPU.Build.0 = Release|Any CPU
	EndGlobalSection
	GlobalSection(SolutionProperties) = preSolution
		HideSolutionNode = FALSE
	EndGlobalSection
	GlobalSection(ExtensibilityGlobals) = postSolution
		SolutionGuid = {5460BD01-08EF-4B38-AC6A-BB5B8DA4DF08}
	EndGlobalSection
EndGlobal
